
Microsoft Visual Studio Solution File, Format Version 12.00
# Visual Studio Version 16
VisualStudioVersion = 16.0.31702.278
MinimumVisualStudioVersion = 10.0.40219.1
Project("{9A19103F-16F7-4668-BE54-9A1E7A4F7556}") = "CKK.Logic", "CKK.Logic\CKK.Logic.csproj", "{63BED50D-2072-43DB-8E60-93B9E866542A}"
EndProject
Project("{9A19103F-16F7-4668-BE54-9A1E7A4F7556}") = "CKK.TestsForStudents", "..\..\..\Downloads\CKK-1.TestsForStudents\CKK.TestsForStudents\CKK.TestsForStudents.csproj", "{3A49718D-E8E5-43DC-B380-E770689A3B97}"
EndProject
Global
	GlobalSection(SolutionConfigurationPlatforms) = preSolution
		Debug|Any CPU = Debug|Any CPU
		Release|Any CPU = Release|Any CPU
	EndGlobalSection
	GlobalSection(ProjectConfigurationPlatforms) = postSolution
		{63BED50D-2072-43DB-8E60-93B9E866542A}.Debug|Any CPU.ActiveCfg = Debug|Any CPU
		{63BED50D-2072-43DB-8E60-93B9E866542A}.Debug|Any CPU.Build.0 = Debug|Any CPU
		{63BED50D-2072-43DB-8E60-93B9E866542A}.Release|Any CPU.ActiveCfg = Release|Any CPU
		{63BED50D-2072-43DB-8E60-93B9E866542A}.Release|Any CPU.Build.0 = Release|Any CPU
		{3A49718D-E8E5-43DC-B380-E770689A3B97}.Debug|Any CPU.ActiveCfg = Debug|Any CPU
		{3A49718D-E8E5-43DC-B380-E770689A3B97}.Debug|Any CPU.Build.0 = Debug|Any CPU
		{3A49718D-E8E5-43DC-B380-E770689A3B97}.Release|Any CPU.ActiveCfg = Release|Any CPU
		{3A49718D-E8E5-43DC-B380-E770689A3B97}.Release|Any CPU.Build.0 = Release|Any CPU
	EndGlobalSection
	GlobalSection(SolutionProperties) = preSolution
		HideSolutionNode = FALSE
	EndGlobalSection
	GlobalSection(ExtensibilityGlobals) = postSolution
		SolutionGuid = {702F4902-9C85-46B7-ADBC-861710B7249C}
	EndGlobalSection
EndGlobal
